gitlab.com/writeonlyhugo/hugo-module-bootstrap v0.0.0-20230104032709-256ccad7a64e h1:eRekZdxFCXEZpo1atoSdDr7uny/Piglwad9tObcIqMA=
gitlab.com/writeonlyhugo/hugo-module-bootstrap v0.0.0-20230104032709-256ccad7a64e/go.mod h1:WXqOWOoA8n+H/gnfCtA0Q91l778KxxJCyBhnFEZ3AYE=
gitlab.com/writeonlyhugo/hugo-module-bootstrap v0.0.0-20240123171603-149e3630b1e4 h1:pgqfem9YGm7YVV37wlKTI3rzHlMGuCbGA1WC7uregv0=
gitlab.com/writeonlyhugo/hugo-module-bootstrap v0.0.0-20240123171603-149e3630b1e4/go.mod h1:qRcL7NsjAWiQBoW/rINxipV9OgCsm1z8fPjU3e4aiSE=
gitlab.com/writeonlyhugo/hugo-module-bootstrap-icons v0.0.0-20220504151031-e4d7cba5d59b h1:Ax3mPmu3FZ/77WokU617Y7H0+je60DlXtk8FHRhcWSA=
gitlab.com/writeonlyhugo/hugo-module-bootstrap-icons v0.0.0-20220504151031-e4d7cba5d59b/go.mod h1:MZKxidOpdbNSEFsgEDb1rJtjez1m1K0Dl6+MJMXvZr4=
